
Microsoft Visual Studio Solution File, Format Version 12.00
# Visual Studio Version 17
VisualStudioVersion = 17.9.34701.34
MinimumVisualStudioVersion = 10.0.40219.1
Project("{9A19103F-16F7-4668-BE54-9A1E7A4F7556}") = "repaso", "repaso\repaso.csproj", "{4165ABEE-D331-42C3-A96A-8A8FBF8CDFA8}"
EndProject
Project("{FAE04EC0-301F-11D3-BF4B-00C04F79EFBC}") = "ejercicio23", "ejercicio23\ejercicio23.csproj", "{1039FF3A-4AD3-4899-BF50-973BD7B13329}"
EndProject
Project("{FAE04EC0-301F-11D3-BF4B-00C04F79EFBC}") = "ejercicio20", "ejercicio20\ejercicio20.csproj", "{34E375BC-F528-4826-97E1-BE1BFC9AB5AB}"
EndProject
Global
	GlobalSection(SolutionConfigurationPlatforms) = preSolution
		Debug|Any CPU = Debug|Any CPU
		Release|Any CPU = Release|Any CPU
	EndGlobalSection
	GlobalSection(ProjectConfigurationPlatforms) = postSolution
		{4165ABEE-D331-42C3-A96A-8A8FBF8CDFA8}.Debug|Any CPU.ActiveCfg = Debug|Any CPU
		{4165ABEE-D331-42C3-A96A-8A8FBF8CDFA8}.Debug|Any CPU.Build.0 = Debug|Any CPU
		{4165ABEE-D331-42C3-A96A-8A8FBF8CDFA8}.Release|Any CPU.ActiveCfg = Release|Any CPU
		{4165ABEE-D331-42C3-A96A-8A8FBF8CDFA8}.Release|Any CPU.Build.0 = Release|Any CPU
		{1039FF3A-4AD3-4899-BF50-973BD7B13329}.Debug|Any CPU.ActiveCfg = Debug|Any CPU
		{1039FF3A-4AD3-4899-BF50-973BD7B13329}.Debug|Any CPU.Build.0 = Debug|Any CPU
		{1039FF3A-4AD3-4899-BF50-973BD7B13329}.Release|Any CPU.ActiveCfg = Release|Any CPU
		{1039FF3A-4AD3-4899-BF50-973BD7B13329}.Release|Any CPU.Build.0 = Release|Any CPU
		{34E375BC-F528-4826-97E1-BE1BFC9AB5AB}.Debug|Any CPU.ActiveCfg = Debug|Any CPU
		{34E375BC-F528-4826-97E1-BE1BFC9AB5AB}.Debug|Any CPU.Build.0 = Debug|Any CPU
		{34E375BC-F528-4826-97E1-BE1BFC9AB5AB}.Release|Any CPU.ActiveCfg = Release|Any CPU
		{34E375BC-F528-4826-97E1-BE1BFC9AB5AB}.Release|Any CPU.Build.0 = Release|Any CPU
	EndGlobalSection
	GlobalSection(SolutionProperties) = preSolution
		HideSolutionNode = FALSE
	EndGlobalSection
	GlobalSection(ExtensibilityGlobals) = postSolution
		SolutionGuid = {CB1ACF80-532D-48B2-8FC3-7BA7E9E72B40}
	EndGlobalSection
EndGlobal
