
Microsoft Visual Studio Solution File, Format Version 12.00
# Visual Studio Version 17
VisualStudioVersion = 17.9.34701.34
MinimumVisualStudioVersion = 10.0.40219.1
Project("{FAE04EC0-301F-11D3-BF4B-00C04F79EFBC}") = "Excepciones", "ExcepcionesPersonalizadas\Excepciones.csproj", "{DF94B727-8466-4881-855C-2B3E26DAF83A}"
EndProject
Global
	GlobalSection(SolutionConfigurationPlatforms) = preSolution
		Debug|Any CPU = Debug|Any CPU
		Release|Any CPU = Release|Any CPU
	EndGlobalSection
	GlobalSection(ProjectConfigurationPlatforms) = postSolution
		{DF94B727-8466-4881-855C-2B3E26DAF83A}.Debug|Any CPU.ActiveCfg = Debug|Any CPU
		{DF94B727-8466-4881-855C-2B3E26DAF83A}.Debug|Any CPU.Build.0 = Debug|Any CPU
		{DF94B727-8466-4881-855C-2B3E26DAF83A}.Release|Any CPU.ActiveCfg = Release|Any CPU
		{DF94B727-8466-4881-855C-2B3E26DAF83A}.Release|Any CPU.Build.0 = Release|Any CPU
	EndGlobalSection
	GlobalSection(SolutionProperties) = preSolution
		HideSolutionNode = FALSE
	EndGlobalSection
	GlobalSection(ExtensibilityGlobals) = postSolution
		SolutionGuid = {09BFA91C-D4EB-4512-AEBD-483F6130FB12}
	EndGlobalSection
EndGlobal
